{
  "name": "tooltrackers",
  "version": "0.1.0",
  "lockfileVersion": 3,
  "requires": true,
  "packages": {
    "": {
      "name": "tooltrackers",
      "version": "0.1.0",
      "dependencies": {
        "antd": "^5.21.2",
        "axios": "^1.7.7",
        "next": "14.2.12",
        "react": "^18",
        "react-dom": "^18"
      }
    },
    "node_modules/@ant-design/colors": {
      "version": "7.1.0",
      "license": "MIT",
      "dependencies": {
        "@ctrl/tinycolor": "^3.6.1"
      }
    },
    "node_modules/@ant-design/cssinjs": {
      "version": "1.21.1",
      "license": "MIT",
      "dependencies": {
        "@babel/runtime": "^7.11.1",
        "@emotion/hash": "^0.8.0",
        "@emotion/unitless": "^0.7.5",
        "classnames": "^2.3.1",
        "csstype": "^3.1.3",
        "rc-util": "^5.35.0",
        "stylis": "^4.3.3"
      },
      "peerDependencies": {
        "react": ">=16.0.0",
        "react-dom": ">=16.0.0"
      }
    },
    "node_modules/@ant-design/cssinjs-utils": {
      "version": "1.1.0",
      "license": "MIT",
      "dependencies": {
        "@ant-design/cssinjs": "^1.21.0",
        "@babel/runtime": "^7.23.2",
        "rc-util": "^5.38.0"
      },
      "peerDependencies": {
        "react": ">=16.9.0",
        "react-dom": ">=16.9.0"
      }
    },
    "node_modules/@ant-design/fast-color": {
      "version": "2.0.6",
      "license": "MIT",
      "dependencies": {
        "@babel/runtime": "^7.24.7"
      },
      "engines": {
        "node": ">=8.x"
      }
    },
    "node_modules/@ant-design/icons": {
      "version": "5.5.1",
      "license": "MIT",
      "dependencies": {
        "@ant-design/colors": "^7.0.0",
        "@ant-design/icons-svg": "^4.4.0",
        "@babel/runtime": "^7.24.8",
        "classnames": "^2.2.6",
        "rc-util": "^5.31.1"
      },
      "engines": {
        "node": ">=8"
      },
      "peerDependencies": {
        "react": ">=16.0.0",
        "react-dom": ">=16.0.0"
      }
    },
    "node_modules/@ant-design/icons-svg": {
      "version": "4.4.2",
      "license": "MIT"
    },
    "node_modules/@ant-design/react-slick": {
      "version": "1.1.2",
      "license": "MIT",
      "dependencies": {
        "@babel/runtime": "^7.10.4",
        "classnames": "^2.2.5",
        "json2mq": "^0.2.0",
        "resize-observer-polyfill": "^1.5.1",
        "throttle-debounce": "^5.0.0"
      },
      "peerDependencies": {
        "react": ">=16.9.0"
      }
    },
    "node_modules/@babel/runtime": {
      "version": "7.25.7",
      "license": "MIT",
      "dependencies": {
        "regenerator-runtime": "^0.14.0"
      },
      "engines": {
        "node": ">=6.9.0"
      }
    },
    "node_modules/@ctrl/tinycolor": {
      "version": "3.6.1",
      "license": "MIT",
      "engines": {
        "node": ">=10"
      }
    },
    "node_modules/@emotion/hash": {
      "version": "0.8.0",
      "license": "MIT"
    },
    "node_modules/@emotion/unitless": {
      "version": "0.7.5",
      "license": "MIT"
    },
    "node_modules/@next/env": {
      "version": "14.2.12",
      "license": "MIT"
    },
    "node_modules/@next/swc-darwin-arm64": {
      "version": "14.2.12",
      "resolved": "https://registry.npmjs.org/@next/swc-darwin-arm64/-/swc-darwin-arm64-14.2.12.tgz",
      "integrity": "sha512-crHJ9UoinXeFbHYNok6VZqjKnd8rTd7K3Z2zpyzF1ch7vVNKmhjv/V7EHxep3ILoN8JB9AdRn/EtVVyG9AkCXw==",
      "cpu": [
        "arm64"
      ],
      "optional": true,
      "os": [
        "darwin"
      ],
      "engines": {
        "node": ">= 10"
      }
    },
    "node_modules/@next/swc-darwin-x64": {
      "version": "14.2.12",
      "resolved": "https://registry.npmjs.org/@next/swc-darwin-x64/-/swc-darwin-x64-14.2.12.tgz",
      "integrity": "sha512-JbEaGbWq18BuNBO+lCtKfxl563Uw9oy2TodnN2ioX00u7V1uzrsSUcg3Ep9ce+P0Z9es+JmsvL2/rLphz+Frcw==",
      "cpu": [
        "x64"
      ],
      "optional": true,
      "os": [
        "darwin"
      ],
      "engines": {
        "node": ">= 10"
      }
    },
    "node_modules/@next/swc-linux-arm64-gnu": {
      "version": "14.2.12",
      "resolved": "https://registry.npmjs.org/@next/swc-linux-arm64-gnu/-/swc-linux-arm64-gnu-14.2.12.tgz",
      "integrity": "sha512-qBy7OiXOqZrdp88QEl2H4fWalMGnSCrr1agT/AVDndlyw2YJQA89f3ttR/AkEIP9EkBXXeGl6cC72/EZT5r6rw==",
      "cpu": [
        "arm64"
      ],
      "optional": true,
      "os": [
        "linux"
      ],
      "engines": {
        "node": ">= 10"
      }
    },
    "node_modules/@next/swc-linux-arm64-musl": {
      "version": "14.2.12",
      "resolved": "https://registry.npmjs.org/@next/swc-linux-arm64-musl/-/swc-linux-arm64-musl-14.2.12.tgz",
      "integrity": "sha512-EfD9L7o9biaQxjwP1uWXnk3vYZi64NVcKUN83hpVkKocB7ogJfyH2r7o1pPnMtir6gHZiGCeHKagJ0yrNSLNHw==",
      "cpu": [
        "arm64"
      ],
      "optional": true,
      "os": [
        "linux"
      ],
      "engines": {
        "node": ">= 10"
      }
    },
    "node_modules/@next/swc-linux-x64-gnu": {
      "version": "14.2.12",
      "resolved": "https://registry.npmjs.org/@next/swc-linux-x64-gnu/-/swc-linux-x64-gnu-14.2.12.tgz",
      "integrity": "sha512-iQ+n2pxklJew9IpE47hE/VgjmljlHqtcD5UhZVeHICTPbLyrgPehaKf2wLRNjYH75udroBNCgrSSVSVpAbNoYw==",
      "cpu": [
        "x64"
      ],
      "optional": true,
      "os": [
        "linux"
      ],
      "engines": {
        "node": ">= 10"
      }
    },
    "node_modules/@next/swc-linux-x64-musl": {
      "version": "14.2.12",
      "resolved": "https://registry.npmjs.org/@next/swc-linux-x64-musl/-/swc-linux-x64-musl-14.2.12.tgz",
      "integrity": "sha512-rFkUkNwcQ0ODn7cxvcVdpHlcOpYxMeyMfkJuzaT74xjAa5v4fxP4xDk5OoYmPi8QNLDs3UgZPMSBmpBuv9zKWA==",
      "cpu": [
        "x64"
      ],
      "optional": true,
      "os": [
        "linux"
      ],
      "engines": {
        "node": ">= 10"
      }
    },
    "node_modules/@next/swc-win32-arm64-msvc": {
      "version": "14.2.12",
      "resolved": "https://registry.npmjs.org/@next/swc-win32-arm64-msvc/-/swc-win32-arm64-msvc-14.2.12.tgz",
      "integrity": "sha512-PQFYUvwtHs/u0K85SG4sAdDXYIPXpETf9mcEjWc0R4JmjgMKSDwIU/qfZdavtP6MPNiMjuKGXHCtyhR/M5zo8g==",
      "cpu": [
        "arm64"
      ],
      "optional": true,
      "os": [
        "win32"
      ],
      "engines": {
        "node": ">= 10"
      }
    },
    "node_modules/@next/swc-win32-ia32-msvc": {
      "version": "14.2.12",
      "resolved": "https://registry.npmjs.org/@next/swc-win32-ia32-msvc/-/swc-win32-ia32-msvc-14.2.12.tgz",
      "integrity": "sha512-FAj2hMlcbeCV546eU2tEv41dcJb4NeqFlSXU/xL/0ehXywHnNpaYajOUvn3P8wru5WyQe6cTZ8fvckj/2XN4Vw==",
      "cpu": [
        "ia32"
      ],
      "optional": true,
      "os": [
        "win32"
      ],
      "engines": {
        "node": ">= 10"
      }
    },
    "node_modules/@next/swc-win32-x64-msvc": {
      "version": "14.2.12",
      "cpu": [
        "x64"
      ],
      "license": "MIT",
      "optional": true,
      "os": [
        "win32"
      ],
      "engines": {
        "node": ">= 10"
      }
    },
    "node_modules/@rc-component/async-validator": {
      "version": "5.0.4",
      "license": "MIT",
      "dependencies": {
        "@babel/runtime": "^7.24.4"
      },
      "engines": {
        "node": ">=14.x"
      }
    },
    "node_modules/@rc-component/color-picker": {
      "version": "2.0.1",
      "license": "MIT",
      "dependencies": {
        "@ant-design/fast-color": "^2.0.6",
        "@babel/runtime": "^7.23.6",
        "classnames": "^2.2.6",
        "rc-util": "^5.38.1"
      },
      "peerDependencies": {
        "react": ">=16.9.0",
        "react-dom": ">=16.9.0"
      }
    },
    "node_modules/@rc-component/context": {
      "version": "1.4.0",
      "license": "MIT",
      "dependencies": {
        "@babel/runtime": "^7.10.1",
        "rc-util": "^5.27.0"
      },
      "peerDependencies": {
        "react": ">=16.9.0",
        "react-dom": ">=16.9.0"
      }
    },
    "node_modules/@rc-component/mini-decimal": {
      "version": "1.1.0",
      "license": "MIT",
      "dependencies": {
        "@babel/runtime": "^7.18.0"
      },
      "engines": {
        "node": ">=8.x"
      }
    },
    "node_modules/@rc-component/mutate-observer": {
      "version": "1.1.0",
      "license": "MIT",
      "dependencies": {
        "@babel/runtime": "^7.18.0",
        "classnames": "^2.3.2",
        "rc-util": "^5.24.4"
      },
      "engines": {
        "node": ">=8.x"
      },
      "peerDependencies": {
        "react": ">=16.9.0",
        "react-dom": ">=16.9.0"
      }
    },
    "node_modules/@rc-component/portal": {
      "version": "1.1.2",
      "license": "MIT",
      "dependencies": {
        "@babel/runtime": "^7.18.0",
        "classnames": "^2.3.2",
        "rc-util": "^5.24.4"
      },
      "engines": {
        "node": ">=8.x"
      },
      "peerDependencies": {
        "react": ">=16.9.0",
        "react-dom": ">=16.9.0"
      }
    },
    "node_modules/@rc-component/qrcode": {
      "version": "1.0.0",
      "license": "MIT",
      "dependencies": {
        "@babel/runtime": "^7.24.7",
        "classnames": "^2.3.2",
        "rc-util": "^5.38.0"
      },
      "engines": {
        "node": ">=8.x"
      },
      "peerDependencies": {
        "react": ">=16.9.0",
        "react-dom": ">=16.9.0"
      }
    },
    "node_modules/@rc-component/tour": {
      "version": "1.15.1",
      "license": "MIT",
      "dependencies": {
        "@babel/runtime": "^7.18.0",
        "@rc-component/portal": "^1.0.0-9",
        "@rc-component/trigger": "^2.0.0",
        "classnames": "^2.3.2",
        "rc-util": "^5.24.4"
      },
      "engines": {
        "node": ">=8.x"
      },
      "peerDependencies": {
        "react": ">=16.9.0",
        "react-dom": ">=16.9.0"
      }
    },
    "node_modules/@rc-component/trigger": {
      "version": "2.2.3",
      "license": "MIT",
      "dependencies": {
        "@babel/runtime": "^7.23.2",
        "@rc-component/portal": "^1.1.0",
        "classnames": "^2.3.2",
        "rc-motion": "^2.0.0",
        "rc-resize-observer": "^1.3.1",
        "rc-util": "^5.38.0"
      },
      "engines": {
        "node": ">=8.x"
      },
      "peerDependencies": {
        "react": ">=16.9.0",
        "react-dom": ">=16.9.0"
      }
    },
    "node_modules/@swc/counter": {
      "version": "0.1.3",
      "license": "Apache-2.0"
    },
    "node_modules/@swc/helpers": {
      "version": "0.5.5",
      "license": "Apache-2.0",
      "dependencies": {
        "@swc/counter": "^0.1.3",
        "tslib": "^2.4.0"
      }
    },
    "node_modules/antd": {
      "version": "5.21.3",
      "license": "MIT",
      "dependencies": {
        "@ant-design/colors": "^7.1.0",
        "@ant-design/cssinjs": "^1.21.1",
        "@ant-design/cssinjs-utils": "^1.1.0",
        "@ant-design/icons": "^5.5.1",
        "@ant-design/react-slick": "~1.1.2",
        "@babel/runtime": "^7.25.6",
        "@ctrl/tinycolor": "^3.6.1",
        "@rc-component/color-picker": "~2.0.1",
        "@rc-component/mutate-observer": "^1.1.0",
        "@rc-component/qrcode": "~1.0.0",
        "@rc-component/tour": "~1.15.1",
        "@rc-component/trigger": "^2.2.3",
        "classnames": "^2.5.1",
        "copy-to-clipboard": "^3.3.3",
        "dayjs": "^1.11.11",
        "rc-cascader": "~3.28.1",
        "rc-checkbox": "~3.3.0",
        "rc-collapse": "~3.8.0",
        "rc-dialog": "~9.6.0",
        "rc-drawer": "~7.2.0",
        "rc-dropdown": "~4.2.0",
        "rc-field-form": "~2.4.0",
        "rc-image": "~7.11.0",
        "rc-input": "~1.6.3",
        "rc-input-number": "~9.2.0",
        "rc-mentions": "~2.16.1",
        "rc-menu": "~9.15.1",
        "rc-motion": "^2.9.3",
        "rc-notification": "~5.6.2",
        "rc-pagination": "~4.3.0",
        "rc-picker": "~4.6.15",
        "rc-progress": "~4.0.0",
        "rc-rate": "~2.13.0",
        "rc-resize-observer": "^1.4.0",
        "rc-segmented": "~2.5.0",
        "rc-select": "~14.15.2",
        "rc-slider": "~11.1.7",
        "rc-steps": "~6.0.1",
        "rc-switch": "~4.1.0",
        "rc-table": "~7.47.5",
        "rc-tabs": "~15.3.0",
        "rc-textarea": "~1.8.2",
        "rc-tooltip": "~6.2.1",
        "rc-tree": "~5.9.0",
        "rc-tree-select": "~5.23.0",
        "rc-upload": "~4.8.1",
        "rc-util": "^5.43.0",
        "scroll-into-view-if-needed": "^3.1.0",
        "throttle-debounce": "^5.0.2"
      },
      "funding": {
        "type": "opencollective",
        "url": "https://opencollective.com/ant-design"
      },
      "peerDependencies": {
        "react": ">=16.9.0",
        "react-dom": ">=16.9.0"
      }
    },
    "node_modules/array-tree-filter": {
      "version": "2.1.0",
      "license": "MIT"
    },
    "node_modules/asynckit": {
      "version": "0.4.0",
      "license": "MIT"
    },
    "node_modules/axios": {
      "version": "1.7.7",
      "license": "MIT",
      "dependencies": {
        "follow-redirects": "^1.15.6",
        "form-data": "^4.0.0",
        "proxy-from-env": "^1.1.0"
      }
    },
    "node_modules/busboy": {
      "version": "1.6.0",
      "dependencies": {
        "streamsearch": "^1.1.0"
      },
      "engines": {
        "node": ">=10.16.0"
      }
    },
    "node_modules/caniuse-lite": {
      "version": "1.0.30001667",
      "funding": [
        {
          "type": "opencollective",
          "url": "https://opencollective.com/browserslist"
        },
        {
          "type": "tidelift",
          "url": "https://tidelift.com/funding/github/npm/caniuse-lite"
        },
        {
          "type": "github",
          "url": "https://github.com/sponsors/ai"
        }
      ],
      "license": "CC-BY-4.0"
    },
    "node_modules/classnames": {
      "version": "2.5.1",
      "license": "MIT"
    },
    "node_modules/client-only": {
      "version": "0.0.1",
      "license": "MIT"
    },
    "node_modules/combined-stream": {
      "version": "1.0.8",
      "license": "MIT",
      "dependencies": {
        "delayed-stream": "~1.0.0"
      },
      "engines": {
        "node": ">= 0.8"
      }
    },
    "node_modules/compute-scroll-into-view": {
      "version": "3.1.0",
      "license": "MIT"
    },
    "node_modules/copy-to-clipboard": {
      "version": "3.3.3",
      "license": "MIT",
      "dependencies": {
        "toggle-selection": "^1.0.6"
      }
    },
    "node_modules/csstype": {
      "version": "3.1.3",
      "license": "MIT"
    },
    "node_modules/dayjs": {
      "version": "1.11.13",
      "license": "MIT"
    },
    "node_modules/delayed-stream": {
      "version": "1.0.0",
      "license": "MIT",
      "engines": {
        "node": ">=0.4.0"
      }
    },
    "node_modules/follow-redirects": {
      "version": "1.15.9",
      "funding": [
        {
          "type": "individual",
          "url": "https://github.com/sponsors/RubenVerborgh"
        }
      ],
      "license": "MIT",
      "engines": {
        "node": ">=4.0"
      },
      "peerDependenciesMeta": {
        "debug": {
          "optional": true
        }
      }
    },
    "node_modules/form-data": {
      "version": "4.0.0",
      "license": "MIT",
      "dependencies": {
        "asynckit": "^0.4.0",
        "combined-stream": "^1.0.8",
        "mime-types": "^2.1.12"
      },
      "engines": {
        "node": ">= 6"
      }
    },
    "node_modules/graceful-fs": {
      "version": "4.2.11",
      "license": "ISC"
    },
    "node_modules/js-tokens": {
      "version": "4.0.0",
      "license": "MIT"
    },
    "node_modules/json2mq": {
      "version": "0.2.0",
      "license": "MIT",
      "dependencies": {
        "string-convert": "^0.2.0"
      }
    },
    "node_modules/loose-envify": {
      "version": "1.4.0",
      "license": "MIT",
      "dependencies": {
        "js-tokens": "^3.0.0 || ^4.0.0"
      },
      "bin": {
        "loose-envify": "cli.js"
      }
    },
    "node_modules/mime-db": {
      "version": "1.52.0",
      "license": "MIT",
      "engines": {
        "node": ">= 0.6"
      }
    },
    "node_modules/mime-types": {
      "version": "2.1.35",
      "license": "MIT",
      "dependencies": {
        "mime-db": "1.52.0"
      },
      "engines": {
        "node": ">= 0.6"
      }
    },
    "node_modules/nanoid": {
      "version": "3.3.7",
      "funding": [
        {
          "type": "github",
          "url": "https://github.com/sponsors/ai"
        }
      ],
      "license": "MIT",
      "bin": {
        "nanoid": "bin/nanoid.cjs"
      },
      "engines": {
        "node": "^10 || ^12 || ^13.7 || ^14 || >=15.0.1"
      }
    },
    "node_modules/next": {
      "version": "14.2.12",
      "license": "MIT",
      "dependencies": {
        "@next/env": "14.2.12",
        "@swc/helpers": "0.5.5",
        "busboy": "1.6.0",
        "caniuse-lite": "^1.0.30001579",
        "graceful-fs": "^4.2.11",
        "postcss": "8.4.31",
        "styled-jsx": "5.1.1"
      },
      "bin": {
        "next": "dist/bin/next"
      },
      "engines": {
        "node": ">=18.17.0"
      },
      "optionalDependencies": {
        "@next/swc-darwin-arm64": "14.2.12",
        "@next/swc-darwin-x64": "14.2.12",
        "@next/swc-linux-arm64-gnu": "14.2.12",
        "@next/swc-linux-arm64-musl": "14.2.12",
        "@next/swc-linux-x64-gnu": "14.2.12",
        "@next/swc-linux-x64-musl": "14.2.12",
        "@next/swc-win32-arm64-msvc": "14.2.12",
        "@next/swc-win32-ia32-msvc": "14.2.12",
        "@next/swc-win32-x64-msvc": "14.2.12"
      },
      "peerDependencies": {
        "@opentelemetry/api": "^1.1.0",
        "@playwright/test": "^1.41.2",
        "react": "^18.2.0",
        "react-dom": "^18.2.0",
        "sass": "^1.3.0"
      },
      "peerDependenciesMeta": {
        "@opentelemetry/api": {
          "optional": true
        },
        "@playwright/test": {
          "optional": true
        },
        "sass": {
          "optional": true
        }
      }
    },
    "node_modules/picocolors": {
      "version": "1.1.0",
      "license": "ISC"
    },
    "node_modules/postcss": {
      "version": "8.4.31",
      "funding": [
        {
          "type": "opencollective",
          "url": "https://opencollective.com/postcss/"
        },
        {
          "type": "tidelift",
          "url": "https://tidelift.com/funding/github/npm/postcss"
        },
        {
          "type": "github",
          "url": "https://github.com/sponsors/ai"
        }
      ],
      "license": "MIT",
      "dependencies": {
        "nanoid": "^3.3.6",
        "picocolors": "^1.0.0",
        "source-map-js": "^1.0.2"
      },
      "engines": {
        "node": "^10 || ^12 || >=14"
      }
    },
    "node_modules/proxy-from-env": {
      "version": "1.1.0",
      "license": "MIT"
    },
    "node_modules/rc-cascader": {
      "version": "3.28.1",
      "license": "MIT",
      "dependencies": {
        "@babel/runtime": "^7.12.5",
        "array-tree-filter": "^2.1.0",
        "classnames": "^2.3.1",
        "rc-select": "~14.15.0",
        "rc-tree": "~5.9.0",
        "rc-util": "^5.37.0"
      },
      "peerDependencies": {
        "react": ">=16.9.0",
        "react-dom": ">=16.9.0"
      }
    },
    "node_modules/rc-checkbox": {
      "version": "3.3.0",
      "license": "MIT",
      "dependencies": {
        "@babel/runtime": "^7.10.1",
        "classnames": "^2.3.2",
        "rc-util": "^5.25.2"
      },
      "peerDependencies": {
        "react": ">=16.9.0",
        "react-dom": ">=16.9.0"
      }
    },
    "node_modules/rc-collapse": {
      "version": "3.8.0",
      "license": "MIT",
      "dependencies": {
        "@babel/runtime": "^7.10.1",
        "classnames": "2.x",
        "rc-motion": "^2.3.4",
        "rc-util": "^5.27.0"
      },
      "peerDependencies": {
        "react": ">=16.9.0",
        "react-dom": ">=16.9.0"
      }
    },
    "node_modules/rc-dialog": {
      "version": "9.6.0",
      "license": "MIT",
      "dependencies": {
        "@babel/runtime": "^7.10.1",
        "@rc-component/portal": "^1.0.0-8",
        "classnames": "^2.2.6",
        "rc-motion": "^2.3.0",
        "rc-util": "^5.21.0"
      },
      "peerDependencies": {
        "react": ">=16.9.0",
        "react-dom": ">=16.9.0"
      }
    },
    "node_modules/rc-drawer": {
      "version": "7.2.0",
      "license": "MIT",
      "dependencies": {
        "@babel/runtime": "^7.23.9",
        "@rc-component/portal": "^1.1.1",
        "classnames": "^2.2.6",
        "rc-motion": "^2.6.1",
        "rc-util": "^5.38.1"
      },
      "peerDependencies": {
        "react": ">=16.9.0",
        "react-dom": ">=16.9.0"
      }
    },
    "node_modules/rc-dropdown": {
      "version": "4.2.0",
      "license": "MIT",
      "dependencies": {
        "@babel/runtime": "^7.18.3",
        "@rc-component/trigger": "^2.0.0",
        "classnames": "^2.2.6",
        "rc-util": "^5.17.0"
      },
      "peerDependencies": {
        "react": ">=16.11.0",
        "react-dom": ">=16.11.0"
      }
    },
    "node_modules/rc-field-form": {
      "version": "2.4.0",
      "license": "MIT",
      "dependencies": {
        "@babel/runtime": "^7.18.0",
        "@rc-component/async-validator": "^5.0.3",
        "rc-util": "^5.32.2"
      },
      "engines": {
        "node": ">=8.x"
      },
      "peerDependencies": {
        "react": ">=16.9.0",
        "react-dom": ">=16.9.0"
      }
    },
    "node_modules/rc-image": {
      "version": "7.11.0",
      "license": "MIT",
      "dependencies": {
        "@babel/runtime": "^7.11.2",
        "@rc-component/portal": "^1.0.2",
        "classnames": "^2.2.6",
        "rc-dialog": "~9.6.0",
        "rc-motion": "^2.6.2",
        "rc-util": "^5.34.1"
      },
      "peerDependencies": {
        "react": ">=16.9.0",
        "react-dom": ">=16.9.0"
      }
    },
    "node_modules/rc-input": {
      "version": "1.6.3",
      "license": "MIT",
      "dependencies": {
        "@babel/runtime": "^7.11.1",
        "classnames": "^2.2.1",
        "rc-util": "^5.18.1"
      },
      "peerDependencies": {
        "react": ">=16.0.0",
        "react-dom": ">=16.0.0"
      }
    },
    "node_modules/rc-input-number": {
      "version": "9.2.0",
      "license": "MIT",
      "dependencies": {
        "@babel/runtime": "^7.10.1",
        "@rc-component/mini-decimal": "^1.0.1",
        "classnames": "^2.2.5",
        "rc-input": "~1.6.0",
        "rc-util": "^5.40.1"
      },
      "peerDependencies": {
        "react": ">=16.9.0",
        "react-dom": ">=16.9.0"
      }
    },
    "node_modules/rc-mentions": {
      "version": "2.16.1",
      "license": "MIT",
      "dependencies": {
        "@babel/runtime": "^7.22.5",
        "@rc-component/trigger": "^2.0.0",
        "classnames": "^2.2.6",
        "rc-input": "~1.6.0",
        "rc-menu": "~9.15.1",
        "rc-textarea": "~1.8.0",
        "rc-util": "^5.34.1"
      },
      "peerDependencies": {
        "react": ">=16.9.0",
        "react-dom": ">=16.9.0"
      }
    },
    "node_modules/rc-menu": {
      "version": "9.15.1",
      "license": "MIT",
      "dependencies": {
        "@babel/runtime": "^7.10.1",
        "@rc-component/trigger": "^2.0.0",
        "classnames": "2.x",
        "rc-motion": "^2.4.3",
        "rc-overflow": "^1.3.1",
        "rc-util": "^5.27.0"
      },
      "peerDependencies": {
        "react": ">=16.9.0",
        "react-dom": ">=16.9.0"
      }
    },
    "node_modules/rc-motion": {
      "version": "2.9.3",
      "license": "MIT",
      "dependencies": {
        "@babel/runtime": "^7.11.1",
        "classnames": "^2.2.1",
        "rc-util": "^5.43.0"
      },
      "peerDependencies": {
        "react": ">=16.9.0",
        "react-dom": ">=16.9.0"
      }
    },
    "node_modules/rc-notification": {
      "version": "5.6.2",
      "license": "MIT",
      "dependencies": {
        "@babel/runtime": "^7.10.1",
        "classnames": "2.x",
        "rc-motion": "^2.9.0",
        "rc-util": "^5.20.1"
      },
      "engines": {
        "node": ">=8.x"
      },
      "peerDependencies": {
        "react": ">=16.9.0",
        "react-dom": ">=16.9.0"
      }
    },
    "node_modules/rc-overflow": {
      "version": "1.3.2",
      "license": "MIT",
      "dependencies": {
        "@babel/runtime": "^7.11.1",
        "classnames": "^2.2.1",
        "rc-resize-observer": "^1.0.0",
        "rc-util": "^5.37.0"
      },
      "peerDependencies": {
        "react": ">=16.9.0",
        "react-dom": ">=16.9.0"
      }
    },
    "node_modules/rc-pagination": {
      "version": "4.3.0",
      "license": "MIT",
      "dependencies": {
        "@babel/runtime": "^7.10.1",
        "classnames": "^2.3.2",
        "rc-util": "^5.38.0"
      },
      "peerDependencies": {
        "react": ">=16.9.0",
        "react-dom": ">=16.9.0"
      }
    },
    "node_modules/rc-picker": {
      "version": "4.6.15",
      "license": "MIT",
      "dependencies": {
        "@babel/runtime": "^7.24.7",
        "@rc-component/trigger": "^2.0.0",
        "classnames": "^2.2.1",
        "rc-overflow": "^1.3.2",
        "rc-resize-observer": "^1.4.0",
        "rc-util": "^5.43.0"
      },
      "engines": {
        "node": ">=8.x"
      },
      "peerDependencies": {
        "date-fns": ">= 2.x",
        "dayjs": ">= 1.x",
        "luxon": ">= 3.x",
        "moment": ">= 2.x",
        "react": ">=16.9.0",
        "react-dom": ">=16.9.0"
      },
      "peerDependenciesMeta": {
        "date-fns": {
          "optional": true
        },
        "dayjs": {
          "optional": true
        },
        "luxon": {
          "optional": true
        },
        "moment": {
          "optional": true
        }
      }
    },
    "node_modules/rc-progress": {
      "version": "4.0.0",
      "license": "MIT",
      "dependencies": {
        "@babel/runtime": "^7.10.1",
        "classnames": "^2.2.6",
        "rc-util": "^5.16.1"
      },
      "peerDependencies": {
        "react": ">=16.9.0",
        "react-dom": ">=16.9.0"
      }
    },
    "node_modules/rc-rate": {
      "version": "2.13.0",
      "license": "MIT",
      "dependencies": {
        "@babel/runtime": "^7.10.1",
        "classnames": "^2.2.5",
        "rc-util": "^5.0.1"
      },
      "engines": {
        "node": ">=8.x"
      },
      "peerDependencies": {
        "react": ">=16.9.0",
        "react-dom": ">=16.9.0"
      }
    },
    "node_modules/rc-resize-observer": {
      "version": "1.4.0",
      "license": "MIT",
      "dependencies": {
        "@babel/runtime": "^7.20.7",
        "classnames": "^2.2.1",
        "rc-util": "^5.38.0",
        "resize-observer-polyfill": "^1.5.1"
      },
      "peerDependencies": {
        "react": ">=16.9.0",
        "react-dom": ">=16.9.0"
      }
    },
    "node_modules/rc-segmented": {
      "version": "2.5.0",
      "license": "MIT",
      "dependencies": {
        "@babel/runtime": "^7.11.1",
        "classnames": "^2.2.1",
        "rc-motion": "^2.4.4",
        "rc-util": "^5.17.0"
      },
      "peerDependencies": {
        "react": ">=16.0.0",
        "react-dom": ">=16.0.0"
      }
    },
    "node_modules/rc-select": {
      "version": "14.15.2",
      "license": "MIT",
      "dependencies": {
        "@babel/runtime": "^7.10.1",
        "@rc-component/trigger": "^2.1.1",
        "classnames": "2.x",
        "rc-motion": "^2.0.1",
        "rc-overflow": "^1.3.1",
        "rc-util": "^5.16.1",
        "rc-virtual-list": "^3.5.2"
      },
      "engines": {
        "node": ">=8.x"
      },
      "peerDependencies": {
        "react": "*",
        "react-dom": "*"
      }
    },
    "node_modules/rc-slider": {
      "version": "11.1.7",
      "license": "MIT",
      "dependencies": {
        "@babel/runtime": "^7.10.1",
        "classnames": "^2.2.5",
        "rc-util": "^5.36.0"
      },
      "engines": {
        "node": ">=8.x"
      },
      "peerDependencies": {
        "react": ">=16.9.0",
        "react-dom": ">=16.9.0"
      }
    },
    "node_modules/rc-steps": {
      "version": "6.0.1",
      "license": "MIT",
      "dependencies": {
        "@babel/runtime": "^7.16.7",
        "classnames": "^2.2.3",
        "rc-util": "^5.16.1"
      },
      "engines": {
        "node": ">=8.x"
      },
      "peerDependencies": {
        "react": ">=16.9.0",
        "react-dom": ">=16.9.0"
      }
    },
    "node_modules/rc-switch": {
      "version": "4.1.0",
      "license": "MIT",
      "dependencies": {
        "@babel/runtime": "^7.21.0",
        "classnames": "^2.2.1",
        "rc-util": "^5.30.0"
      },
      "peerDependencies": {
        "react": ">=16.9.0",
        "react-dom": ">=16.9.0"
      }
    },
    "node_modules/rc-table": {
      "version": "7.47.5",
      "license": "MIT",
      "dependencies": {
        "@babel/runtime": "^7.10.1",
        "@rc-component/context": "^1.4.0",
        "classnames": "^2.2.5",
        "rc-resize-observer": "^1.1.0",
        "rc-util": "^5.41.0",
        "rc-virtual-list": "^3.14.2"
      },
      "engines": {
        "node": ">=8.x"
      },
      "peerDependencies": {
        "react": ">=16.9.0",
        "react-dom": ">=16.9.0"
      }
    },
    "node_modules/rc-tabs": {
      "version": "15.3.0",
      "license": "MIT",
      "dependencies": {
        "@babel/runtime": "^7.11.2",
        "classnames": "2.x",
        "rc-dropdown": "~4.2.0",
        "rc-menu": "~9.15.1",
        "rc-motion": "^2.6.2",
        "rc-resize-observer": "^1.0.0",
        "rc-util": "^5.34.1"
      },
      "engines": {
        "node": ">=8.x"
      },
      "peerDependencies": {
        "react": ">=16.9.0",
        "react-dom": ">=16.9.0"
      }
    },
    "node_modules/rc-textarea": {
      "version": "1.8.2",
      "license": "MIT",
      "dependencies": {
        "@babel/runtime": "^7.10.1",
        "classnames": "^2.2.1",
        "rc-input": "~1.6.0",
        "rc-resize-observer": "^1.0.0",
        "rc-util": "^5.27.0"
      },
      "peerDependencies": {
        "react": ">=16.9.0",
        "react-dom": ">=16.9.0"
      }
    },
    "node_modules/rc-tooltip": {
      "version": "6.2.1",
      "license": "MIT",
      "dependencies": {
        "@babel/runtime": "^7.11.2",
        "@rc-component/trigger": "^2.0.0",
        "classnames": "^2.3.1"
      },
      "peerDependencies": {
        "react": ">=16.9.0",
        "react-dom": ">=16.9.0"
      }
    },
    "node_modules/rc-tree": {
      "version": "5.9.0",
      "license": "MIT",
      "dependencies": {
        "@babel/runtime": "^7.10.1",
        "classnames": "2.x",
        "rc-motion": "^2.0.1",
        "rc-util": "^5.16.1",
        "rc-virtual-list": "^3.5.1"
      },
      "engines": {
        "node": ">=10.x"
      },
      "peerDependencies": {
        "react": "*",
        "react-dom": "*"
      }
    },
    "node_modules/rc-tree-select": {
      "version": "5.23.0",
      "license": "MIT",
      "dependencies": {
        "@babel/runtime": "^7.10.1",
        "classnames": "2.x",
        "rc-select": "~14.15.0",
        "rc-tree": "~5.9.0",
        "rc-util": "^5.16.1"
      },
      "peerDependencies": {
        "react": "*",
        "react-dom": "*"
      }
    },
    "node_modules/rc-upload": {
      "version": "4.8.1",
      "license": "MIT",
      "dependencies": {
        "@babel/runtime": "^7.18.3",
        "classnames": "^2.2.5",
        "rc-util": "^5.2.0"
      },
      "peerDependencies": {
        "react": ">=16.9.0",
        "react-dom": ">=16.9.0"
      }
    },
    "node_modules/rc-util": {
      "version": "5.43.0",
      "license": "MIT",
      "dependencies": {
        "@babel/runtime": "^7.18.3",
        "react-is": "^18.2.0"
      },
      "peerDependencies": {
        "react": ">=16.9.0",
        "react-dom": ">=16.9.0"
      }
    },
    "node_modules/rc-virtual-list": {
      "version": "3.14.8",
      "license": "MIT",
      "dependencies": {
        "@babel/runtime": "^7.20.0",
        "classnames": "^2.2.6",
        "rc-resize-observer": "^1.0.0",
        "rc-util": "^5.36.0"
      },
      "engines": {
        "node": ">=8.x"
      },
      "peerDependencies": {
        "react": ">=16.9.0",
        "react-dom": ">=16.9.0"
      }
    },
    "node_modules/react": {
      "version": "18.3.1",
      "license": "MIT",
      "dependencies": {
        "loose-envify": "^1.1.0"
      },
      "engines": {
        "node": ">=0.10.0"
      }
    },
    "node_modules/react-dom": {
      "version": "18.3.1",
      "license": "MIT",
      "dependencies": {
        "loose-envify": "^1.1.0",
        "scheduler": "^0.23.2"
      },
      "peerDependencies": {
        "react": "^18.3.1"
      }
    },
    "node_modules/react-is": {
      "version": "18.3.1",
      "license": "MIT"
    },
    "node_modules/regenerator-runtime": {
      "version": "0.14.1",
      "license": "MIT"
    },
    "node_modules/resize-observer-polyfill": {
      "version": "1.5.1",
      "license": "MIT"
    },
    "node_modules/scheduler": {
      "version": "0.23.2",
      "license": "MIT",
      "dependencies": {
        "loose-envify": "^1.1.0"
      }
    },
    "node_modules/scroll-into-view-if-needed": {
      "version": "3.1.0",
      "license": "MIT",
      "dependencies": {
        "compute-scroll-into-view": "^3.0.2"
      }
    },
    "node_modules/source-map-js": {
      "version": "1.2.1",
      "license": "BSD-3-Clause",
      "engines": {
        "node": ">=0.10.0"
      }
    },
    "node_modules/streamsearch": {
      "version": "1.1.0",
      "engines": {
        "node": ">=10.0.0"
      }
    },
    "node_modules/string-convert": {
      "version": "0.2.1",
      "license": "MIT"
    },
    "node_modules/styled-jsx": {
      "version": "5.1.1",
      "license": "MIT",
      "dependencies": {
        "client-only": "0.0.1"
      },
      "engines": {
        "node": ">= 12.0.0"
      },
      "peerDependencies": {
        "react": ">= 16.8.0 || 17.x.x || ^18.0.0-0"
      },
      "peerDependenciesMeta": {
        "@babel/core": {
          "optional": true
        },
        "babel-plugin-macros": {
          "optional": true
        }
      }
    },
    "node_modules/stylis": {
      "version": "4.3.4",
      "license": "MIT"
    },
    "node_modules/throttle-debounce": {
      "version": "5.0.2",
      "license": "MIT",
      "engines": {
        "node": ">=12.22"
      }
    },
    "node_modules/toggle-selection": {
      "version": "1.0.6",
      "license": "MIT"
    },
    "node_modules/tslib": {
      "version": "2.7.0",
      "license": "0BSD"
    }
  }
}
